
Microsoft Visual Studio Solution File, Format Version 12.00
Project("{2150E333-8FDC-42A3-9474-1A3956D46DE8}") = "Solution Items", "Solution Items", "{B1968166-4527-4051-8DAB-BC68AC9AD986}"
	ProjectSection(SolutionItems) = preProject
		docker-compose.yml = docker-compose.yml
	EndProjectSection
EndProject
Project("{2150E333-8FDC-42A3-9474-1A3956D46DE8}") = "BuildingBlocks", "BuildingBlocks", "{70AFA656-FA84-4166-B0F9-5A28A6678832}"
EndProject
Project("{2150E333-8FDC-42A3-9474-1A3956D46DE8}") = "MainAPP", "MainAPP", "{4B96488C-0D1E-4FBC-BB7F-48A8E2CBE7EC}"
EndProject
Project("{2150E333-8FDC-42A3-9474-1A3956D46DE8}") = "Compilation", "Compilation", "{D698524F-02DD-44F0-989C-3C5BEE518E44}"
EndProject
Project("{2150E333-8FDC-42A3-9474-1A3956D46DE8}") = "Services", "Services", "{DBCCB790-3261-443B-A034-7BC5251054FA}"
EndProject
Project("{FAE04EC0-301F-11D3-BF4B-00C04F79EFBC}") = "BuildingBlocks.Common", "BuildingBlocks\BuildingBlocks.Common\BuildingBlocks.Common.csproj", "{2383AE00-42F9-4C40-BD0F-380FB82C75C5}"
EndProject
Project("{FAE04EC0-301F-11D3-BF4B-00C04F79EFBC}") = "BuildingBlocks.Messaging", "BuildingBlocks\BuildingBlocks.Messaging\BuildingBlocks.Messaging.csproj", "{90C39166-6490-4B50-9470-53950A1D17D0}"
EndProject
Project("{FAE04EC0-301F-11D3-BF4B-00C04F79EFBC}") = "Compilation.Application", "Services\Compilation\Compilation.Application\Compilation.Application.csproj", "{F00DE85B-160F-42F8-8D96-298C035327B4}"
EndProject
Project("{FAE04EC0-301F-11D3-BF4B-00C04F79EFBC}") = "MainApp.Api", "Services\MainApp\MainApp.Api\MainApp.Api.csproj", "{96CC6294-744F-4B74-BA42-3A28C3C77BF2}"
EndProject
Project("{FAE04EC0-301F-11D3-BF4B-00C04F79EFBC}") = "MainApp.Application", "Services\MainApp\MainApp.Application\MainApp.Application.csproj", "{BE9B3255-0B74-48AB-AB63-492516C844E1}"
EndProject
Project("{FAE04EC0-301F-11D3-BF4B-00C04F79EFBC}") = "MainApp.Domain", "Services\MainApp\MainApp.Domain\MainApp.Domain.csproj", "{A711739A-109D-441A-A84B-28203C8AE557}"
EndProject
Project("{FAE04EC0-301F-11D3-BF4B-00C04F79EFBC}") = "MainApp.Infrastructure", "Services\MainApp\MainApp.Infrastructure\MainApp.Infrastructure.csproj", "{2F3C3CD5-D812-4665-946B-F8CC9D9EB8CD}"
EndProject
Project("{FAE04EC0-301F-11D3-BF4B-00C04F79EFBC}") = "MainApp.Test", "MainApp.Test\MainApp.Test.csproj", "{9DA9B0A7-63D6-4B4C-9B12-DCAF81C4287B}"
EndProject
Global
	GlobalSection(SolutionConfigurationPlatforms) = preSolution
		Debug|Any CPU = Debug|Any CPU
		Release|Any CPU = Release|Any CPU
	EndGlobalSection
	GlobalSection(ProjectConfigurationPlatforms) = postSolution
		{7C768C49-96A5-44EA-B70A-26C82856C1DF}.Debug|Any CPU.ActiveCfg = Debug|Any CPU
		{7C768C49-96A5-44EA-B70A-26C82856C1DF}.Debug|Any CPU.Build.0 = Debug|Any CPU
		{7C768C49-96A5-44EA-B70A-26C82856C1DF}.Release|Any CPU.ActiveCfg = Release|Any CPU
		{7C768C49-96A5-44EA-B70A-26C82856C1DF}.Release|Any CPU.Build.0 = Release|Any CPU
		{934C4E8D-F172-45D5-A0A6-DE78B7E32500}.Debug|Any CPU.ActiveCfg = Debug|Any CPU
		{934C4E8D-F172-45D5-A0A6-DE78B7E32500}.Debug|Any CPU.Build.0 = Debug|Any CPU
		{934C4E8D-F172-45D5-A0A6-DE78B7E32500}.Release|Any CPU.ActiveCfg = Release|Any CPU
		{934C4E8D-F172-45D5-A0A6-DE78B7E32500}.Release|Any CPU.Build.0 = Release|Any CPU
		{5F211AC3-B993-4D63-9616-33C3F4377040}.Debug|Any CPU.ActiveCfg = Debug|Any CPU
		{5F211AC3-B993-4D63-9616-33C3F4377040}.Debug|Any CPU.Build.0 = Debug|Any CPU
		{5F211AC3-B993-4D63-9616-33C3F4377040}.Release|Any CPU.ActiveCfg = Release|Any CPU
		{5F211AC3-B993-4D63-9616-33C3F4377040}.Release|Any CPU.Build.0 = Release|Any CPU
		{FFCED19E-1E76-4CEB-B114-B12F29B7768F}.Debug|Any CPU.ActiveCfg = Debug|Any CPU
		{FFCED19E-1E76-4CEB-B114-B12F29B7768F}.Debug|Any CPU.Build.0 = Debug|Any CPU
		{FFCED19E-1E76-4CEB-B114-B12F29B7768F}.Release|Any CPU.ActiveCfg = Release|Any CPU
		{FFCED19E-1E76-4CEB-B114-B12F29B7768F}.Release|Any CPU.Build.0 = Release|Any CPU
		{17D2EAD2-8AB5-4163-BE54-553658ADEB3C}.Debug|Any CPU.ActiveCfg = Debug|Any CPU
		{17D2EAD2-8AB5-4163-BE54-553658ADEB3C}.Debug|Any CPU.Build.0 = Debug|Any CPU
		{17D2EAD2-8AB5-4163-BE54-553658ADEB3C}.Release|Any CPU.ActiveCfg = Release|Any CPU
		{17D2EAD2-8AB5-4163-BE54-553658ADEB3C}.Release|Any CPU.Build.0 = Release|Any CPU
		{EEBD2220-EC9C-43EE-8208-8C1BF16DAB38}.Debug|Any CPU.ActiveCfg = Debug|Any CPU
		{EEBD2220-EC9C-43EE-8208-8C1BF16DAB38}.Debug|Any CPU.Build.0 = Debug|Any CPU
		{EEBD2220-EC9C-43EE-8208-8C1BF16DAB38}.Release|Any CPU.ActiveCfg = Release|Any CPU
		{EEBD2220-EC9C-43EE-8208-8C1BF16DAB38}.Release|Any CPU.Build.0 = Release|Any CPU
		{AD6DFC74-8494-428E-8D2D-FE5020AC3127}.Debug|Any CPU.ActiveCfg = Debug|Any CPU
		{AD6DFC74-8494-428E-8D2D-FE5020AC3127}.Debug|Any CPU.Build.0 = Debug|Any CPU
		{AD6DFC74-8494-428E-8D2D-FE5020AC3127}.Release|Any CPU.ActiveCfg = Release|Any CPU
		{AD6DFC74-8494-428E-8D2D-FE5020AC3127}.Release|Any CPU.Build.0 = Release|Any CPU
		{A226B40F-3A42-4059-94B9-DADD367FECA7}.Debug|Any CPU.ActiveCfg = Debug|Any CPU
		{A226B40F-3A42-4059-94B9-DADD367FECA7}.Debug|Any CPU.Build.0 = Debug|Any CPU
		{A226B40F-3A42-4059-94B9-DADD367FECA7}.Release|Any CPU.ActiveCfg = Release|Any CPU
		{A226B40F-3A42-4059-94B9-DADD367FECA7}.Release|Any CPU.Build.0 = Release|Any CPU
		{2383AE00-42F9-4C40-BD0F-380FB82C75C5}.Debug|Any CPU.ActiveCfg = Debug|Any CPU
		{2383AE00-42F9-4C40-BD0F-380FB82C75C5}.Debug|Any CPU.Build.0 = Debug|Any CPU
		{2383AE00-42F9-4C40-BD0F-380FB82C75C5}.Release|Any CPU.ActiveCfg = Release|Any CPU
		{2383AE00-42F9-4C40-BD0F-380FB82C75C5}.Release|Any CPU.Build.0 = Release|Any CPU
		{90C39166-6490-4B50-9470-53950A1D17D0}.Debug|Any CPU.ActiveCfg = Debug|Any CPU
		{90C39166-6490-4B50-9470-53950A1D17D0}.Debug|Any CPU.Build.0 = Debug|Any CPU
		{90C39166-6490-4B50-9470-53950A1D17D0}.Release|Any CPU.ActiveCfg = Release|Any CPU
		{90C39166-6490-4B50-9470-53950A1D17D0}.Release|Any CPU.Build.0 = Release|Any CPU
		{F00DE85B-160F-42F8-8D96-298C035327B4}.Debug|Any CPU.ActiveCfg = Debug|Any CPU
		{F00DE85B-160F-42F8-8D96-298C035327B4}.Debug|Any CPU.Build.0 = Debug|Any CPU
		{F00DE85B-160F-42F8-8D96-298C035327B4}.Release|Any CPU.ActiveCfg = Release|Any CPU
		{F00DE85B-160F-42F8-8D96-298C035327B4}.Release|Any CPU.Build.0 = Release|Any CPU
		{96CC6294-744F-4B74-BA42-3A28C3C77BF2}.Debug|Any CPU.ActiveCfg = Debug|Any CPU
		{96CC6294-744F-4B74-BA42-3A28C3C77BF2}.Debug|Any CPU.Build.0 = Debug|Any CPU
		{96CC6294-744F-4B74-BA42-3A28C3C77BF2}.Release|Any CPU.ActiveCfg = Release|Any CPU
		{96CC6294-744F-4B74-BA42-3A28C3C77BF2}.Release|Any CPU.Build.0 = Release|Any CPU
		{BE9B3255-0B74-48AB-AB63-492516C844E1}.Debug|Any CPU.ActiveCfg = Debug|Any CPU
		{BE9B3255-0B74-48AB-AB63-492516C844E1}.Debug|Any CPU.Build.0 = Debug|Any CPU
		{BE9B3255-0B74-48AB-AB63-492516C844E1}.Release|Any CPU.ActiveCfg = Release|Any CPU
		{BE9B3255-0B74-48AB-AB63-492516C844E1}.Release|Any CPU.Build.0 = Release|Any CPU
		{A711739A-109D-441A-A84B-28203C8AE557}.Debug|Any CPU.ActiveCfg = Debug|Any CPU
		{A711739A-109D-441A-A84B-28203C8AE557}.Debug|Any CPU.Build.0 = Debug|Any CPU
		{A711739A-109D-441A-A84B-28203C8AE557}.Release|Any CPU.ActiveCfg = Release|Any CPU
		{A711739A-109D-441A-A84B-28203C8AE557}.Release|Any CPU.Build.0 = Release|Any CPU
		{2F3C3CD5-D812-4665-946B-F8CC9D9EB8CD}.Debug|Any CPU.ActiveCfg = Debug|Any CPU
		{2F3C3CD5-D812-4665-946B-F8CC9D9EB8CD}.Debug|Any CPU.Build.0 = Debug|Any CPU
		{2F3C3CD5-D812-4665-946B-F8CC9D9EB8CD}.Release|Any CPU.ActiveCfg = Release|Any CPU
		{2F3C3CD5-D812-4665-946B-F8CC9D9EB8CD}.Release|Any CPU.Build.0 = Release|Any CPU
		{9DA9B0A7-63D6-4B4C-9B12-DCAF81C4287B}.Debug|Any CPU.ActiveCfg = Debug|Any CPU
		{9DA9B0A7-63D6-4B4C-9B12-DCAF81C4287B}.Debug|Any CPU.Build.0 = Debug|Any CPU
		{9DA9B0A7-63D6-4B4C-9B12-DCAF81C4287B}.Release|Any CPU.ActiveCfg = Release|Any CPU
		{9DA9B0A7-63D6-4B4C-9B12-DCAF81C4287B}.Release|Any CPU.Build.0 = Release|Any CPU
	EndGlobalSection
	GlobalSection(NestedProjects) = preSolution
		{4B96488C-0D1E-4FBC-BB7F-48A8E2CBE7EC} = {DBCCB790-3261-443B-A034-7BC5251054FA}
		{D698524F-02DD-44F0-989C-3C5BEE518E44} = {DBCCB790-3261-443B-A034-7BC5251054FA}
		{7C768C49-96A5-44EA-B70A-26C82856C1DF} = {4B96488C-0D1E-4FBC-BB7F-48A8E2CBE7EC}
		{934C4E8D-F172-45D5-A0A6-DE78B7E32500} = {4B96488C-0D1E-4FBC-BB7F-48A8E2CBE7EC}
		{5F211AC3-B993-4D63-9616-33C3F4377040} = {4B96488C-0D1E-4FBC-BB7F-48A8E2CBE7EC}
		{FFCED19E-1E76-4CEB-B114-B12F29B7768F} = {4B96488C-0D1E-4FBC-BB7F-48A8E2CBE7EC}
		{17D2EAD2-8AB5-4163-BE54-553658ADEB3C} = {70AFA656-FA84-4166-B0F9-5A28A6678832}
		{EEBD2220-EC9C-43EE-8208-8C1BF16DAB38} = {70AFA656-FA84-4166-B0F9-5A28A6678832}
		{AD6DFC74-8494-428E-8D2D-FE5020AC3127} = {D698524F-02DD-44F0-989C-3C5BEE518E44}
		{A226B40F-3A42-4059-94B9-DADD367FECA7} = {D698524F-02DD-44F0-989C-3C5BEE518E44}
		{2383AE00-42F9-4C40-BD0F-380FB82C75C5} = {70AFA656-FA84-4166-B0F9-5A28A6678832}
		{90C39166-6490-4B50-9470-53950A1D17D0} = {70AFA656-FA84-4166-B0F9-5A28A6678832}
		{F00DE85B-160F-42F8-8D96-298C035327B4} = {D698524F-02DD-44F0-989C-3C5BEE518E44}
		{96CC6294-744F-4B74-BA42-3A28C3C77BF2} = {4B96488C-0D1E-4FBC-BB7F-48A8E2CBE7EC}
		{BE9B3255-0B74-48AB-AB63-492516C844E1} = {4B96488C-0D1E-4FBC-BB7F-48A8E2CBE7EC}
		{A711739A-109D-441A-A84B-28203C8AE557} = {4B96488C-0D1E-4FBC-BB7F-48A8E2CBE7EC}
		{2F3C3CD5-D812-4665-946B-F8CC9D9EB8CD} = {4B96488C-0D1E-4FBC-BB7F-48A8E2CBE7EC}
		{9DA9B0A7-63D6-4B4C-9B12-DCAF81C4287B} = {4B96488C-0D1E-4FBC-BB7F-48A8E2CBE7EC}
	EndGlobalSection
EndGlobal
